version: "2.5"
# Shared-envelope contracts drafted in M00 (bootstrap) and M01 prep. Status DRAFT: reviewed by the
# Architecture & Contract Guardian in docs/audits/CONTRACT-REVIEW-001.md (findings fixed), but not
# FROZEN until the owner accepts ADR-0002 and approves the freeze. FROZEN entries, including their
# companions, are hash-checked by scripts/gates/contracts_lock_gate.py.
contracts:
  - id: SF-CON-AUDIT-EVENT
    version: 1
    status: DRAFT
    owner: contract_guardian
    source: "AWS v1.7 s14.3"
    path: contracts/shared/schemas/audit-event.schema.json
    schema_hash: 997fc6a97edcdcf0d29c060e033355a744421582e2868b9c42f01200c9ec1f71
    change_request: null
  - id: SF-CON-AUTHZ-DECISION
    version: 1
    status: DRAFT
    owner: contract_guardian
    source: "AWS v1.7 s20.3"
    path: contracts/shared/schemas/authz-decision.schema.json
    schema_hash: dc0e6a62423757c60b1ec2c135ac41c6e4198ed3df484d5bfb3a6326f2e00275
    change_request: null
  - id: SF-CON-COMMON
    version: 1
    status: DRAFT
    owner: contract_guardian
    source: "AWS v1.7 s13.3, s14.1"
    path: contracts/shared/schemas/common.schema.json
    schema_hash: 82d44cd5fd4d71f1985fdcd287737c6d1e7c63f67595ee750338754df0ca40b8
    change_request: null
  - id: SF-CON-CONNECTOR-BINDING
    version: 1
    status: DRAFT
    owner: contract_guardian
    source: "Eng v1.4 s10.1-10.2"
    path: contracts/shared/schemas/connector-binding.schema.json
    schema_hash: 9a4c71b94b8088a09216db633ba4d823b8033b26adb5e005e7884d37eb8e59a0
    change_request: null
  - id: SF-CON-ERROR-RESPONSE
    version: 1
    status: DRAFT
    owner: contract_guardian
    source: "AWS v1.7 s13.1, s13.3"
    path: contracts/shared/schemas/error-response.schema.json
    schema_hash: 816837b6f741d47659820d816eefc0fedb0c37dadc063efc1921313092523b55
    change_request: null
  - id: SF-CON-EVENT-ENVELOPE
    version: 1
    status: DRAFT
    owner: contract_guardian
    source: "AWS v1.7 s13.2"
    path: contracts/shared/schemas/event-envelope.schema.json
    schema_hash: 6297417c901662b2f8c6b712be3854fc04656e593a1719cbbdae6cf98627e9ce
    change_request: null
  - id: SF-CON-IDEMPOTENCY
    version: 1
    status: DRAFT
    owner: contract_guardian
    source: "AWS v1.7 s13.4"
    path: contracts/shared/schemas/idempotency-record.schema.json
    schema_hash: 3b126852ad01a86b7e31bfb10af386a95cf040b1fbcc184c5a6d2c140ebf64de
    change_request: null
  - id: SF-CON-ISOLATION-DECLARATION
    version: 1
    status: DRAFT
    owner: contract_guardian
    source: "TI v1.0 s7; Constitution #24"
    path: contracts/shared/schemas/isolation-declaration.schema.json
    schema_hash: 8aa660966813ad8e16827d917927cf603373717723cd9ed664f27d891d47ac02
    change_request: null
  - id: SF-CON-REQUEST-CONTEXT
    version: 1
    status: DRAFT
    owner: contract_guardian
    source: "TI v1.0 s6; AWS v1.7 s13.1"
    path: contracts/shared/schemas/request-context.schema.json
    schema_hash: 76894a7db855bb1cbd9b88246a6f3d5902274a09ce2080331895983c92abebec
    change_request: null
  - id: SF-CON-SIMULATION-MARKER
    version: 1
    status: DRAFT
    owner: contract_guardian
    source: "Eng v1.4 s10.4"
    path: contracts/shared/schemas/simulation-marker.schema.json
    schema_hash: e5c8f6869d65b7eda2bacf0ec1dfac5d1f14717daf7265fd2f6605d6f3604c62
    change_request: null
  - id: SF-CON-ERROR-CATALOGUE
    version: 1
    status: DRAFT
    owner: contract_guardian
    source: "AWS v1.7 s13.3; specs/error-codes.yaml; SF-SYS-* proposed"
    path: contracts/shared/error-catalogue.json
    schema_hash: 04c93ddb07bfea2d92dc9189641d8b2449179bc87fb64a78d942ca3457a24a2b
    change_request: null
  - id: SF-CON-DB-SESSION-CONTEXT
    version: 1
    status: DRAFT
    owner: contract_guardian
    source: "TI v1.0 s8, s8.1; Eng v1.4 golden path 'repository sets transaction-local tenant context'"
    path: contracts/shared/schemas/db-session-context.schema.json
    schema_hash: 738ca80be8c24d488e98ae0e03f50425467a97b7249ae072e4adc2bb03d1b01a
    companions:
      - path: db/migrations/1759490000000_shared-db-contracts.sql
        sha256: 2e2354a00ce39c71f4195ab5838218dcfb827de1abc238622f32540093a92b0d
    change_request: null
  - id: SF-CON-OUTBOX
    version: 1
    status: DRAFT
    owner: contract_guardian
    source: "AWS v1.7 s4.3, s13.2, CMP-038; Eng v1.4 s3; TI v1.0 s13; Constitution #11"
    path: contracts/shared/schemas/outbox-record.schema.json
    schema_hash: b0afa1938cf7299579b4c8af684e46c43551c733a412f5198d8e01b5b9491ba4
    companions:
      - path: contracts/shared/sql/outbox.template.sql
        sha256: 4e1ad97dadf15e30a21db789c1d1bc4c32c4f45d6dae8e65515cc2c5d695fa21
    change_request: null
