version: "2.5"
# Shared contracts. FROZEN on 3 October 2026 by the Architecture & Contract Guardian after
# CONTRACT-REVIEW-001 and owner acceptance of ADR-0002 and decisions D-01 to D-05. Any change,
# including to a companion file, needs a Contract Change Request; scripts/gates/contracts_lock_gate.py
# fails on a hash mismatch.
# Reconfirmed 3 Oct 2026 on PR #6: 13/13 hashes match files. ADR-0006 does not change these hashes.
# A builder that needs a frozen-contract change must STOP and open a Contract Change Request.
verified:
  date: 2026-10-03
  result: 13_FROZEN_HASHES_MATCH
  adr_0006_changes_hashes: false
contracts:
  - id: SF-CON-AUDIT-EVENT
    version: 1
    status: FROZEN
    owner: contract_guardian
    source: "AWS v1.7 s14.3"
    path: contracts/shared/schemas/audit-event.schema.json
    schema_hash: 997fc6a97edcdcf0d29c060e033355a744421582e2868b9c42f01200c9ec1f71
    producers: [CMP-031, all_component_audit_ports]
    consumers: [SF-M01-001, SF-M01-002, SF-M01-003, SF-M01-004, SF-M01-005]
    adr0006_could_change: false
    change_request: null
  - id: SF-CON-AUTHZ-DECISION
    version: 1
    status: FROZEN
    owner: contract_guardian
    source: "AWS v1.7 s20.3"
    path: contracts/shared/schemas/authz-decision.schema.json
    schema_hash: dc0e6a62423757c60b1ec2c135ac41c6e4198ed3df484d5bfb3a6326f2e00275
    producers: [CMP-048]
    consumers: [SF-M01-001, SF-M01-002, SF-M01-003, SF-M01-005]
    adr0006_could_change: false
    change_request: null
  - id: SF-CON-COMMON
    version: 1
    status: FROZEN
    owner: contract_guardian
    source: "AWS v1.7 s13.3, s14.1"
    path: contracts/shared/schemas/common.schema.json
    schema_hash: 82d44cd5fd4d71f1985fdcd287737c6d1e7c63f67595ee750338754df0ca40b8
    producers: [contract_guardian]
    consumers: [SF-M01-001, SF-M01-002, SF-M01-003, SF-M01-004, SF-M01-005]
    adr0006_could_change: false
    change_request: null
  - id: SF-CON-CONNECTOR-BINDING
    version: 1
    status: FROZEN
    owner: contract_guardian
    source: "Eng v1.4 s10.1-10.2"
    path: contracts/shared/schemas/connector-binding.schema.json
    schema_hash: 9a4c71b94b8088a09216db633ba4d823b8033b26adb5e005e7884d37eb8e59a0
    producers: [CMP-037]
    consumers: [SF-M01-005]
    adr0006_could_change: false
    change_request: null
  - id: SF-CON-ERROR-RESPONSE
    version: 1
    status: FROZEN
    owner: contract_guardian
    source: "AWS v1.7 s13.1, s13.3"
    path: contracts/shared/schemas/error-response.schema.json
    schema_hash: 816837b6f741d47659820d816eefc0fedb0c37dadc063efc1921313092523b55
    producers: [CMP-002, CMP-048, CMP-031, CMP-038, CMP-037]
    consumers: [SF-M01-001, SF-M01-002, SF-M01-003, SF-M01-004, SF-M01-005]
    adr0006_could_change: false
    change_request: null
  - id: SF-CON-EVENT-ENVELOPE
    version: 1
    status: FROZEN
    owner: contract_guardian
    source: "AWS v1.7 s13.2"
    path: contracts/shared/schemas/event-envelope.schema.json
    schema_hash: fbb012cc1c345c643b008e47e184e587931d6d7b72cfe0042c1eae98bbad9283
    producers: [CMP-002, CMP-048, CMP-031, CMP-038, CMP-037]
    consumers: [SF-M01-001, SF-M01-002, SF-M01-003, SF-M01-004, SF-M01-005]
    adr0006_could_change: false
    change_request: null
  - id: SF-CON-IDEMPOTENCY
    version: 1
    status: FROZEN
    owner: contract_guardian
    source: "AWS v1.7 s13.4"
    path: contracts/shared/schemas/idempotency-record.schema.json
    schema_hash: 3b126852ad01a86b7e31bfb10af386a95cf040b1fbcc184c5a6d2c140ebf64de
    producers: [CMP-002, CMP-048, CMP-031, CMP-038, CMP-037]
    consumers: [SF-M01-001, SF-M01-002, SF-M01-003, SF-M01-004, SF-M01-005]
    adr0006_could_change: false
    change_request: null
  - id: SF-CON-ISOLATION-DECLARATION
    version: 1
    status: FROZEN
    owner: contract_guardian
    source: "TI v1.0 s7; Constitution #24"
    path: contracts/shared/schemas/isolation-declaration.schema.json
    schema_hash: 8aa660966813ad8e16827d917927cf603373717723cd9ed664f27d891d47ac02
    producers: [CMP-002, CMP-048, CMP-031, CMP-038, CMP-037]
    consumers: [SF-M01-001, SF-M01-002, SF-M01-003, SF-M01-004, SF-M01-005]
    adr0006_could_change: false
    change_request: null
  - id: SF-CON-REQUEST-CONTEXT
    version: 1
    status: FROZEN
    owner: contract_guardian
    source: "TI v1.0 s6; AWS v1.7 s13.1"
    path: contracts/shared/schemas/request-context.schema.json
    schema_hash: 76894a7db855bb1cbd9b88246a6f3d5902274a09ce2080331895983c92abebec
    producers: [CMP-048]
    consumers: [SF-M01-001, SF-M01-002, SF-M01-003, SF-M01-004, SF-M01-005]
    adr0006_could_change: false
    change_request: null
  - id: SF-CON-SIMULATION-MARKER
    version: 1
    status: FROZEN
    owner: contract_guardian
    source: "Eng v1.4 s10.4"
    path: contracts/shared/schemas/simulation-marker.schema.json
    schema_hash: e5c8f6869d65b7eda2bacf0ec1dfac5d1f14717daf7265fd2f6605d6f3604c62
    producers: [CMP-037]
    consumers: [SF-M01-005]
    adr0006_could_change: false
    change_request: null
  - id: SF-CON-ERROR-CATALOGUE
    version: 1
    status: FROZEN
    owner: contract_guardian
    source: "AWS v1.7 s13.3; specs/error-codes.yaml; SF-SYS-* proposed"
    path: contracts/shared/error-catalogue.json
    schema_hash: 4a89444f7cea8837dca1c90b2bd8025241b9207efb5d01936af448ea83e190fa
    producers: [contract_guardian]
    consumers: [SF-M01-001, SF-M01-002, SF-M01-003, SF-M01-004, SF-M01-005]
    adr0006_could_change: false
    change_request: null
  - id: SF-CON-DB-SESSION-CONTEXT
    version: 1
    status: FROZEN
    owner: contract_guardian
    source: "TI v1.0 s8, s8.1; Eng v1.4 golden path 'repository sets transaction-local tenant context'"
    path: contracts/shared/schemas/db-session-context.schema.json
    schema_hash: 738ca80be8c24d488e98ae0e03f50425467a97b7249ae072e4adc2bb03d1b01a
    producers: [platform_db_session]
    consumers: [SF-M01-001, SF-M01-002, SF-M01-003, SF-M01-004, SF-M01-005]
    adr0006_could_change: false
    companions:
      - path: db/migrations/1759490000000_shared-db-contracts.sql
        sha256: 2e2354a00ce39c71f4195ab5838218dcfb827de1abc238622f32540093a92b0d
    change_request: null
  - id: SF-CON-OUTBOX
    version: 1
    status: FROZEN
    owner: contract_guardian
    source: "AWS v1.7 s4.3, s13.2, CMP-038; Eng v1.4 s3; TI v1.0 s13; Constitution #11"
    path: contracts/shared/schemas/outbox-record.schema.json
    schema_hash: b0afa1938cf7299579b4c8af684e46c43551c733a412f5198d8e01b5b9491ba4
    producers: [CMP-002, CMP-048, CMP-031, CMP-038, CMP-037]
    consumers: [SF-M01-001, SF-M01-002, SF-M01-003, SF-M01-004, SF-M01-005]
    adr0006_could_change: false
    adr0006_note: "Tightening template grants would be a separate CCR, not implied by ADR-0006"
    companions:
      - path: contracts/shared/sql/outbox.template.sql
        sha256: 4e1ad97dadf15e30a21db789c1d1bc4c32c4f45d6dae8e65515cc2c5d695fa21
    change_request: null
